
Microsoft Visual Studio Solution File, Format Version 12.00
# Visual Studio Version 17
VisualStudioVersion = 17.8.34316.72
MinimumVisualStudioVersion = 10.0.40219.1
Project("{FAE04EC0-301F-11D3-BF4B-00C04F79EFBC}") = "123", "WindowsFormsApp12\123.csproj", "{4747FA2F-1B35-4829-9546-597426C298B5}"
EndProject
Global
	GlobalSection(SolutionConfigurationPlatforms) = preSolution
		Debug|Any CPU = Debug|Any CPU
		Release|Any CPU = Release|Any CPU
	EndGlobalSection
	GlobalSection(ProjectConfigurationPlatforms) = postSolution
		{4747FA2F-1B35-4829-9546-597426C298B5}.Debug|Any CPU.ActiveCfg = Debug|Any CPU
		{4747FA2F-1B35-4829-9546-597426C298B5}.Debug|Any CPU.Build.0 = Debug|Any CPU
		{4747FA2F-1B35-4829-9546-597426C298B5}.Release|Any CPU.ActiveCfg = Release|Any CPU
		{4747FA2F-1B35-4829-9546-597426C298B5}.Release|Any CPU.Build.0 = Release|Any CPU
	EndGlobalSection
	GlobalSection(SolutionProperties) = preSolution
		HideSolutionNode = FALSE
	EndGlobalSection
	GlobalSection(ExtensibilityGlobals) = postSolution
		SolutionGuid = {1436209D-D740-4610-8F92-45FA5C8A3C0B}
	EndGlobalSection
EndGlobal
